
Microsoft Visual Studio Solution File, Format Version 12.00
# Visual Studio Version 17
VisualStudioVersion = 17.7.34031.279
MinimumVisualStudioVersion = 10.0.40219.1
Project("{FAE04EC0-301F-11D3-BF4B-00C04F79EFBC}") = "Mirror_Number", "Mirror_Number\Mirror_Number.csproj", "{4E37FE09-D433-4E64-8DCB-86F41540DC60}"
EndProject
Global
	GlobalSection(SolutionConfigurationPlatforms) = preSolution
		Debug|Any CPU = Debug|Any CPU
		Release|Any CPU = Release|Any CPU
	EndGlobalSection
	GlobalSection(ProjectConfigurationPlatforms) = postSolution
		{4E37FE09-D433-4E64-8DCB-86F41540DC60}.Debug|Any CPU.ActiveCfg = Debug|Any CPU
		{4E37FE09-D433-4E64-8DCB-86F41540DC60}.Debug|Any CPU.Build.0 = Debug|Any CPU
		{4E37FE09-D433-4E64-8DCB-86F41540DC60}.Release|Any CPU.ActiveCfg = Release|Any CPU
		{4E37FE09-D433-4E64-8DCB-86F41540DC60}.Release|Any CPU.Build.0 = Release|Any CPU
	EndGlobalSection
	GlobalSection(SolutionProperties) = preSolution
		HideSolutionNode = FALSE
	EndGlobalSection
	GlobalSection(ExtensibilityGlobals) = postSolution
		SolutionGuid = {7600CC0E-ED27-4BC9-8194-5341612C0DBE}
	EndGlobalSection
EndGlobal
